
Microsoft Visual Studio Solution File, Format Version 12.00
# Visual Studio Version 17
VisualStudioVersion = 17.4.33122.133
MinimumVisualStudioVersion = 10.0.40219.1
Project("{FAE04EC0-301F-11D3-BF4B-00C04F79EFBC}") = "SharpReact", "SharpReact\SharpReact.csproj", "{EB6C30A5-A5A9-4CC0-B129-1B1DECCC0DA5}"
EndProject
Global
	GlobalSection(SolutionConfigurationPlatforms) = preSolution
		Debug|Any CPU = Debug|Any CPU
		Release|Any CPU = Release|Any CPU
	EndGlobalSection
	GlobalSection(ProjectConfigurationPlatforms) = postSolution
		{EB6C30A5-A5A9-4CC0-B129-1B1DECCC0DA5}.Debug|Any CPU.ActiveCfg = Debug|Any CPU
		{EB6C30A5-A5A9-4CC0-B129-1B1DECCC0DA5}.Debug|Any CPU.Build.0 = Debug|Any CPU
		{EB6C30A5-A5A9-4CC0-B129-1B1DECCC0DA5}.Release|Any CPU.ActiveCfg = Release|Any CPU
		{EB6C30A5-A5A9-4CC0-B129-1B1DECCC0DA5}.Release|Any CPU.Build.0 = Release|Any CPU
	EndGlobalSection
	GlobalSection(SolutionProperties) = preSolution
		HideSolutionNode = FALSE
	EndGlobalSection
	GlobalSection(ExtensibilityGlobals) = postSolution
		SolutionGuid = {F3E8EB0F-2A62-47EB-9C1E-E5C42223B30C}
	EndGlobalSection
EndGlobal
